
Microsoft Visual Studio Solution File, Format Version 12.00
# Visual Studio Version 16
VisualStudioVersion = 16.0.29806.167
MinimumVisualStudioVersion = 10.0.40219.1
Project("{FAE04EC0-301F-11D3-BF4B-00C04F79EFBC}") = "PresentationLayer", "WasteLess\PresentationLayer.csproj", "{E7B778A7-B9E0-411F-BC81-F4522656EAFA}"
EndProject
Project("{FAE04EC0-301F-11D3-BF4B-00C04F79EFBC}") = "DataAccessLayer", "DataAccessLayer\DataAccessLayer.csproj", "{6496F2AF-637B-43F4-BBB2-F367797B36CD}"
EndProject
Project("{FAE04EC0-301F-11D3-BF4B-00C04F79EFBC}") = "BusinessLayer", "BusinessLayer\BusinessLayer.csproj", "{A95FEEB9-6F00-4D41-A4F8-22978E7A1BA4}"
EndProject
Global
	GlobalSection(SolutionConfigurationPlatforms) = preSolution
		Debug|Any CPU = Debug|Any CPU
		Release|Any CPU = Release|Any CPU
	EndGlobalSection
	GlobalSection(ProjectConfigurationPlatforms) = postSolution
		{E7B778A7-B9E0-411F-BC81-F4522656EAFA}.Debug|Any CPU.ActiveCfg = Debug|Any CPU
		{E7B778A7-B9E0-411F-BC81-F4522656EAFA}.Debug|Any CPU.Build.0 = Debug|Any CPU
		{E7B778A7-B9E0-411F-BC81-F4522656EAFA}.Release|Any CPU.ActiveCfg = Release|Any CPU
		{E7B778A7-B9E0-411F-BC81-F4522656EAFA}.Release|Any CPU.Build.0 = Release|Any CPU
		{6496F2AF-637B-43F4-BBB2-F367797B36CD}.Debug|Any CPU.ActiveCfg = Debug|Any CPU
		{6496F2AF-637B-43F4-BBB2-F367797B36CD}.Debug|Any CPU.Build.0 = Debug|Any CPU
		{6496F2AF-637B-43F4-BBB2-F367797B36CD}.Release|Any CPU.ActiveCfg = Release|Any CPU
		{6496F2AF-637B-43F4-BBB2-F367797B36CD}.Release|Any CPU.Build.0 = Release|Any CPU
		{A95FEEB9-6F00-4D41-A4F8-22978E7A1BA4}.Debug|Any CPU.ActiveCfg = Debug|Any CPU
		{A95FEEB9-6F00-4D41-A4F8-22978E7A1BA4}.Debug|Any CPU.Build.0 = Debug|Any CPU
		{A95FEEB9-6F00-4D41-A4F8-22978E7A1BA4}.Release|Any CPU.ActiveCfg = Release|Any CPU
		{A95FEEB9-6F00-4D41-A4F8-22978E7A1BA4}.Release|Any CPU.Build.0 = Release|Any CPU
	EndGlobalSection
	GlobalSection(SolutionProperties) = preSolution
		HideSolutionNode = FALSE
	EndGlobalSection
	GlobalSection(ExtensibilityGlobals) = postSolution
		SolutionGuid = {991FDF53-6127-4404-864D-E2BC3B3E6512}
	EndGlobalSection
EndGlobal
